
Microsoft Visual Studio Solution File, Format Version 12.00
# Visual Studio Version 16
VisualStudioVersion = 16.0.33130.400
MinimumVisualStudioVersion = 10.0.40219.1
Project("{FAE04EC0-301F-11D3-BF4B-00C04F79EFBC}") = "OOPSAssigbment3_2", "OOPSAssigbment3_2\OOPSAssigbment3_2.csproj", "{F8686521-0E37-4788-8F74-EB3EA55840F0}"
EndProject
Global
	GlobalSection(SolutionConfigurationPlatforms) = preSolution
		Debug|Any CPU = Debug|Any CPU
		Release|Any CPU = Release|Any CPU
	EndGlobalSection
	GlobalSection(ProjectConfigurationPlatforms) = postSolution
		{F8686521-0E37-4788-8F74-EB3EA55840F0}.Debug|Any CPU.ActiveCfg = Debug|Any CPU
		{F8686521-0E37-4788-8F74-EB3EA55840F0}.Debug|Any CPU.Build.0 = Debug|Any CPU
		{F8686521-0E37-4788-8F74-EB3EA55840F0}.Release|Any CPU.ActiveCfg = Release|Any CPU
		{F8686521-0E37-4788-8F74-EB3EA55840F0}.Release|Any CPU.Build.0 = Release|Any CPU
	EndGlobalSection
	GlobalSection(SolutionProperties) = preSolution
		HideSolutionNode = FALSE
	EndGlobalSection
	GlobalSection(ExtensibilityGlobals) = postSolution
		SolutionGuid = {A58ACFAE-CAFB-48B5-84A6-4A497D3C6C3B}
	EndGlobalSection
EndGlobal
