
Microsoft Visual Studio Solution File, Format Version 12.00
# Visual Studio Version 16
VisualStudioVersion = 16.0.33130.400
MinimumVisualStudioVersion = 10.0.40219.1
Project("{FAE04EC0-301F-11D3-BF4B-00C04F79EFBC}") = "Assignment_7_4", "Assignment_7_4\Assignment_7_4.csproj", "{EB6992E6-C695-4DDA-9E38-BA358C558A87}"
EndProject
Global
	GlobalSection(SolutionConfigurationPlatforms) = preSolution
		Debug|Any CPU = Debug|Any CPU
		Release|Any CPU = Release|Any CPU
	EndGlobalSection
	GlobalSection(ProjectConfigurationPlatforms) = postSolution
		{EB6992E6-C695-4DDA-9E38-BA358C558A87}.Debug|Any CPU.ActiveCfg = Debug|Any CPU
		{EB6992E6-C695-4DDA-9E38-BA358C558A87}.Debug|Any CPU.Build.0 = Debug|Any CPU
		{EB6992E6-C695-4DDA-9E38-BA358C558A87}.Release|Any CPU.ActiveCfg = Release|Any CPU
		{EB6992E6-C695-4DDA-9E38-BA358C558A87}.Release|Any CPU.Build.0 = Release|Any CPU
	EndGlobalSection
	GlobalSection(SolutionProperties) = preSolution
		HideSolutionNode = FALSE
	EndGlobalSection
	GlobalSection(ExtensibilityGlobals) = postSolution
		SolutionGuid = {39E4F3DB-3A91-4E13-92FB-07F68FA76E72}
	EndGlobalSection
EndGlobal
