
Microsoft Visual Studio Solution File, Format Version 12.00
# Visual Studio Version 16
VisualStudioVersion = 16.0.33130.400
MinimumVisualStudioVersion = 10.0.40219.1
Project("{FAE04EC0-301F-11D3-BF4B-00C04F79EFBC}") = "oopsAssigment3", "oopsAssigment3\oopsAssigment3.csproj", "{27FBDE79-A1D9-4F60-8755-FF529A181540}"
EndProject
Global
	GlobalSection(SolutionConfigurationPlatforms) = preSolution
		Debug|Any CPU = Debug|Any CPU
		Release|Any CPU = Release|Any CPU
	EndGlobalSection
	GlobalSection(ProjectConfigurationPlatforms) = postSolution
		{27FBDE79-A1D9-4F60-8755-FF529A181540}.Debug|Any CPU.ActiveCfg = Debug|Any CPU
		{27FBDE79-A1D9-4F60-8755-FF529A181540}.Debug|Any CPU.Build.0 = Debug|Any CPU
		{27FBDE79-A1D9-4F60-8755-FF529A181540}.Release|Any CPU.ActiveCfg = Release|Any CPU
		{27FBDE79-A1D9-4F60-8755-FF529A181540}.Release|Any CPU.Build.0 = Release|Any CPU
	EndGlobalSection
	GlobalSection(SolutionProperties) = preSolution
		HideSolutionNode = FALSE
	EndGlobalSection
	GlobalSection(ExtensibilityGlobals) = postSolution
		SolutionGuid = {06F1F14B-C480-48D2-AF12-34F113574460}
	EndGlobalSection
EndGlobal
