
Microsoft Visual Studio Solution File, Format Version 12.00
# Visual Studio Version 16
VisualStudioVersion = 16.0.33214.272
MinimumVisualStudioVersion = 10.0.40219.1
Project("{FAE04EC0-301F-11D3-BF4B-00C04F79EFBC}") = "NewProject", "NewProject\NewProject.csproj", "{CC4B2FD8-B1AB-4177-92DD-222B7E0BB225}"
EndProject
Global
	GlobalSection(SolutionConfigurationPlatforms) = preSolution
		Debug|Any CPU = Debug|Any CPU
		Release|Any CPU = Release|Any CPU
	EndGlobalSection
	GlobalSection(ProjectConfigurationPlatforms) = postSolution
		{CC4B2FD8-B1AB-4177-92DD-222B7E0BB225}.Debug|Any CPU.ActiveCfg = Debug|Any CPU
		{CC4B2FD8-B1AB-4177-92DD-222B7E0BB225}.Debug|Any CPU.Build.0 = Debug|Any CPU
		{CC4B2FD8-B1AB-4177-92DD-222B7E0BB225}.Release|Any CPU.ActiveCfg = Release|Any CPU
		{CC4B2FD8-B1AB-4177-92DD-222B7E0BB225}.Release|Any CPU.Build.0 = Release|Any CPU
	EndGlobalSection
	GlobalSection(SolutionProperties) = preSolution
		HideSolutionNode = FALSE
	EndGlobalSection
	GlobalSection(ExtensibilityGlobals) = postSolution
		SolutionGuid = {72142CC6-78C4-4379-9576-D980998970B5}
	EndGlobalSection
EndGlobal
